PODS:
  - FSPagerView (0.8.3)
  - IQKeyboardManager (6.5.19)
  - MBProgressHUD (1.2.0)
  - SDWebImage (5.21.0):
    - SDWebImage/Core (= 5.21.0)
  - SDWebImage/Core (5.21.0)
  - SwiftyStoreKit (0.16.1)

DEPENDENCIES:
  - FSPagerView
  - IQKeyboardManager
  - MBProgressHUD
  - SDWebImage
  - SwiftyStoreKit

SPEC REPOS:
  trunk:
    - FSPagerView
    - IQKeyboardManager
    - MBProgressHUD
    - SDWebImage
    - SwiftyStoreKit

SPEC CHECKSUMS:
  FSPagerView: 670405b2f18e2a87fa37f20b00de783e562c25a8
  IQKeyboardManager: c8665b3396bd0b79402b4c573eac345a31c7d485
  MBProgressHUD: 3ee5efcc380f6a79a7cc9b363dd669c5e1ae7406
  SDWebImage: f84b0feeb08d2d11e6a9b843cb06d75ebf5b8868
  SwiftyStoreKit: 6b9c08810269f030586dac1fae8e75871a82e84a

PODFILE CHECKSUM: aef596a8d592f6f33a1082088bc8f74a09b28e33

COCOAPODS: 1.16.2
